
Microsoft Visual Studio Solution File, Format Version 10.00
# Visual Studio 2008
Project("{FAE04EC0-301F-11D3-BF4B-00C04F79EFBC}") = "Catch Connect Crestron Library", "Catch Connect Crestron Library\Catch Connect Crestron Library.csproj", "{0CBCB512-FD62-433B-80AF-42E66FDA8634}"
EndProject
Global
	GlobalSection(SolutionConfigurationPlatforms) = preSolution
		Debug|Any CPU = Debug|Any CPU
		Release|Any CPU = Release|Any CPU
	EndGlobalSection
	GlobalSection(ProjectConfigurationPlatforms) = postSolution
		{0CBCB512-FD62-433B-80AF-42E66FDA8634}.Debug|Any CPU.ActiveCfg = Debug|Any CPU
		{0CBCB512-FD62-433B-80AF-42E66FDA8634}.Debug|Any CPU.Build.0 = Debug|Any CPU
		{0CBCB512-FD62-433B-80AF-42E66FDA8634}.Release|Any CPU.ActiveCfg = Release|Any CPU
		{0CBCB512-FD62-433B-80AF-42E66FDA8634}.Release|Any CPU.Build.0 = Release|Any CPU
	EndGlobalSection
	GlobalSection(SolutionProperties) = preSolution
		HideSolutionNode = FALSE
	EndGlobalSection
EndGlobal
